
Microsoft Visual Studio Solution File, Format Version 12.00
# Visual Studio Version 16
VisualStudioVersion = 16.0.30717.126
MinimumVisualStudioVersion = 10.0.40219.1
Project("{9A19103F-16F7-4668-BE54-9A1E7A4F7556}") = "BlazorToDoApp", "BlazorToDoApp.csproj", "{FD645EF3-1E3C-4594-A207-DAFFAA4D5032}"
EndProject
Global
	GlobalSection(SolutionConfigurationPlatforms) = preSolution
		Debug|Any CPU = Debug|Any CPU
		Release|Any CPU = Release|Any CPU
	EndGlobalSection
	GlobalSection(ProjectConfigurationPlatforms) = postSolution
		{FD645EF3-1E3C-4594-A207-DAFFAA4D5032}.Debug|Any CPU.ActiveCfg = Debug|Any CPU
		{FD645EF3-1E3C-4594-A207-DAFFAA4D5032}.Debug|Any CPU.Build.0 = Debug|Any CPU
		{FD645EF3-1E3C-4594-A207-DAFFAA4D5032}.Release|Any CPU.ActiveCfg = Release|Any CPU
		{FD645EF3-1E3C-4594-A207-DAFFAA4D5032}.Release|Any CPU.Build.0 = Release|Any CPU
	EndGlobalSection
	GlobalSection(SolutionProperties) = preSolution
		HideSolutionNode = FALSE
	EndGlobalSection
	GlobalSection(ExtensibilityGlobals) = postSolution
		SolutionGuid = {6B038218-A383-40CD-A990-84ED90493468}
	EndGlobalSection
EndGlobal
